
Microsoft Visual Studio Solution File, Format Version 12.00
# Visual Studio Version 16
VisualStudioVersion = 16.0.32630.194
MinimumVisualStudioVersion = 10.0.40219.1
Project("{FAE04EC0-301F-11D3-BF4B-00C04F79EFBC}") = "ejercicio1", "ejercicio1\ejercicio1.csproj", "{A5CCC363-7CFF-420E-8CA2-CA2F2E68B5E3}"
EndProject
Global
	GlobalSection(SolutionConfigurationPlatforms) = preSolution
		Debug|Any CPU = Debug|Any CPU
		Release|Any CPU = Release|Any CPU
	EndGlobalSection
	GlobalSection(ProjectConfigurationPlatforms) = postSolution
		{A5CCC363-7CFF-420E-8CA2-CA2F2E68B5E3}.Debug|Any CPU.ActiveCfg = Debug|Any CPU
		{A5CCC363-7CFF-420E-8CA2-CA2F2E68B5E3}.Debug|Any CPU.Build.0 = Debug|Any CPU
		{A5CCC363-7CFF-420E-8CA2-CA2F2E68B5E3}.Release|Any CPU.ActiveCfg = Release|Any CPU
		{A5CCC363-7CFF-420E-8CA2-CA2F2E68B5E3}.Release|Any CPU.Build.0 = Release|Any CPU
	EndGlobalSection
	GlobalSection(SolutionProperties) = preSolution
		HideSolutionNode = FALSE
	EndGlobalSection
	GlobalSection(ExtensibilityGlobals) = postSolution
		SolutionGuid = {6D0FDDFA-0F06-42EB-9979-7474811CB0E2}
	EndGlobalSection
EndGlobal
